
Microsoft Visual Studio Solution File, Format Version 12.00
# Visual Studio Version 17
VisualStudioVersion = 17.14.36623.8
MinimumVisualStudioVersion = 10.0.40219.1
Project("{FAE04EC0-301F-11D3-BF4B-00C04F79EFBC}") = "Project.V14", "Project.V14\Project.V14.csproj", "{B00B8524-398D-4933-953B-76E9516B5389}"
EndProject
Project("{FAE04EC0-301F-11D3-BF4B-00C04F79EFBC}") = "Tyuiu.Sprint7.Project.V14.Lib", "Tyuiu.Sprint7.Project.V14.Lib\Tyuiu.Sprint7.Project.V14.Lib.csproj", "{84FA41EE-DD67-413D-A548-6F29CF917F80}"
EndProject
Project("{FAE04EC0-301F-11D3-BF4B-00C04F79EFBC}") = "Tyuiu.Sprint7.Project.V14.Test", "Tyuiu.Sprint7.Project.V14.Test\Tyuiu.Sprint7.Project.V14.Test.csproj", "{B534A9A0-B2AE-4EC7-812A-BEA942BC7624}"
EndProject
Global
	GlobalSection(SolutionConfigurationPlatforms) = preSolution
		Debug|Any CPU = Debug|Any CPU
		Release|Any CPU = Release|Any CPU
	EndGlobalSection
	GlobalSection(ProjectConfigurationPlatforms) = postSolution
		{B00B8524-398D-4933-953B-76E9516B5389}.Debug|Any CPU.ActiveCfg = Debug|Any CPU
		{B00B8524-398D-4933-953B-76E9516B5389}.Debug|Any CPU.Build.0 = Debug|Any CPU
		{B00B8524-398D-4933-953B-76E9516B5389}.Release|Any CPU.ActiveCfg = Release|Any CPU
		{B00B8524-398D-4933-953B-76E9516B5389}.Release|Any CPU.Build.0 = Release|Any CPU
		{84FA41EE-DD67-413D-A548-6F29CF917F80}.Debug|Any CPU.ActiveCfg = Debug|Any CPU
		{84FA41EE-DD67-413D-A548-6F29CF917F80}.Debug|Any CPU.Build.0 = Debug|Any CPU
		{84FA41EE-DD67-413D-A548-6F29CF917F80}.Release|Any CPU.ActiveCfg = Release|Any CPU
		{84FA41EE-DD67-413D-A548-6F29CF917F80}.Release|Any CPU.Build.0 = Release|Any CPU
		{B534A9A0-B2AE-4EC7-812A-BEA942BC7624}.Debug|Any CPU.ActiveCfg = Debug|Any CPU
		{B534A9A0-B2AE-4EC7-812A-BEA942BC7624}.Debug|Any CPU.Build.0 = Debug|Any CPU
		{B534A9A0-B2AE-4EC7-812A-BEA942BC7624}.Release|Any CPU.ActiveCfg = Release|Any CPU
		{B534A9A0-B2AE-4EC7-812A-BEA942BC7624}.Release|Any CPU.Build.0 = Release|Any CPU
	EndGlobalSection
	GlobalSection(SolutionProperties) = preSolution
		HideSolutionNode = FALSE
	EndGlobalSection
	GlobalSection(ExtensibilityGlobals) = postSolution
		SolutionGuid = {BBB4D349-F144-4E12-857D-93D32819CEF6}
	EndGlobalSection
EndGlobal
